
Microsoft Visual Studio Solution File, Format Version 12.00
Project("{FAE04EC0-301F-11D3-BF4B-00C04F79EFBC}") = "DayTwo", "DayTwo\DayTwo.csproj", "{B04476B6-A41E-473B-9CFE-898887B5D6A9}"
EndProject
Project("{FAE04EC0-301F-11D3-BF4B-00C04F79EFBC}") = "FirstDay", "FirstDay\FirstDay.csproj", "{0F2FF6EE-7460-4AA9-9D1E-DE3DB2A8C0C0}"
EndProject
Project("{FAE04EC0-301F-11D3-BF4B-00C04F79EFBC}") = "DayThree", "DayThree\DayThree.csproj", "{606E4AC0-40BD-4C67-B08A-A9A82BDAFCB5}"
EndProject
Project("{FAE04EC0-301F-11D3-BF4B-00C04F79EFBC}") = "DayFour", "DayFour\DayFour.csproj", "{11D0A72E-27FB-4BFF-AAC5-4AF2FD62B6C1}"
EndProject
Project("{FAE04EC0-301F-11D3-BF4B-00C04F79EFBC}") = "DayFive", "DayFive\DayFive.csproj", "{941EAFAB-8B5B-4456-A7BD-F6BD255A577D}"
EndProject
Project("{FAE04EC0-301F-11D3-BF4B-00C04F79EFBC}") = "Day6", "Day6\Day6.csproj", "{01DFBE86-E2ED-493A-9087-13B7B226AF55}"
EndProject
Project("{FAE04EC0-301F-11D3-BF4B-00C04F79EFBC}") = "DaySeven", "DaySeven\DaySeven.csproj", "{76A8A2B7-DDEB-43FC-9FEB-9D81D192CAB4}"
EndProject
Global
	GlobalSection(SolutionConfigurationPlatforms) = preSolution
		Debug|Any CPU = Debug|Any CPU
		Release|Any CPU = Release|Any CPU
	EndGlobalSection
	GlobalSection(ProjectConfigurationPlatforms) = postSolution
		{B04476B6-A41E-473B-9CFE-898887B5D6A9}.Debug|Any CPU.ActiveCfg = Debug|Any CPU
		{B04476B6-A41E-473B-9CFE-898887B5D6A9}.Debug|Any CPU.Build.0 = Debug|Any CPU
		{B04476B6-A41E-473B-9CFE-898887B5D6A9}.Release|Any CPU.ActiveCfg = Release|Any CPU
		{B04476B6-A41E-473B-9CFE-898887B5D6A9}.Release|Any CPU.Build.0 = Release|Any CPU
		{0F2FF6EE-7460-4AA9-9D1E-DE3DB2A8C0C0}.Debug|Any CPU.ActiveCfg = Debug|Any CPU
		{0F2FF6EE-7460-4AA9-9D1E-DE3DB2A8C0C0}.Debug|Any CPU.Build.0 = Debug|Any CPU
		{0F2FF6EE-7460-4AA9-9D1E-DE3DB2A8C0C0}.Release|Any CPU.ActiveCfg = Release|Any CPU
		{0F2FF6EE-7460-4AA9-9D1E-DE3DB2A8C0C0}.Release|Any CPU.Build.0 = Release|Any CPU
		{606E4AC0-40BD-4C67-B08A-A9A82BDAFCB5}.Debug|Any CPU.ActiveCfg = Debug|Any CPU
		{606E4AC0-40BD-4C67-B08A-A9A82BDAFCB5}.Debug|Any CPU.Build.0 = Debug|Any CPU
		{606E4AC0-40BD-4C67-B08A-A9A82BDAFCB5}.Release|Any CPU.ActiveCfg = Release|Any CPU
		{606E4AC0-40BD-4C67-B08A-A9A82BDAFCB5}.Release|Any CPU.Build.0 = Release|Any CPU
		{11D0A72E-27FB-4BFF-AAC5-4AF2FD62B6C1}.Debug|Any CPU.ActiveCfg = Debug|Any CPU
		{11D0A72E-27FB-4BFF-AAC5-4AF2FD62B6C1}.Debug|Any CPU.Build.0 = Debug|Any CPU
		{11D0A72E-27FB-4BFF-AAC5-4AF2FD62B6C1}.Release|Any CPU.ActiveCfg = Release|Any CPU
		{11D0A72E-27FB-4BFF-AAC5-4AF2FD62B6C1}.Release|Any CPU.Build.0 = Release|Any CPU
		{941EAFAB-8B5B-4456-A7BD-F6BD255A577D}.Debug|Any CPU.ActiveCfg = Debug|Any CPU
		{941EAFAB-8B5B-4456-A7BD-F6BD255A577D}.Debug|Any CPU.Build.0 = Debug|Any CPU
		{941EAFAB-8B5B-4456-A7BD-F6BD255A577D}.Release|Any CPU.ActiveCfg = Release|Any CPU
		{941EAFAB-8B5B-4456-A7BD-F6BD255A577D}.Release|Any CPU.Build.0 = Release|Any CPU
		{01DFBE86-E2ED-493A-9087-13B7B226AF55}.Debug|Any CPU.ActiveCfg = Debug|Any CPU
		{01DFBE86-E2ED-493A-9087-13B7B226AF55}.Debug|Any CPU.Build.0 = Debug|Any CPU
		{01DFBE86-E2ED-493A-9087-13B7B226AF55}.Release|Any CPU.ActiveCfg = Release|Any CPU
		{01DFBE86-E2ED-493A-9087-13B7B226AF55}.Release|Any CPU.Build.0 = Release|Any CPU
		{76A8A2B7-DDEB-43FC-9FEB-9D81D192CAB4}.Debug|Any CPU.ActiveCfg = Debug|Any CPU
		{76A8A2B7-DDEB-43FC-9FEB-9D81D192CAB4}.Debug|Any CPU.Build.0 = Debug|Any CPU
		{76A8A2B7-DDEB-43FC-9FEB-9D81D192CAB4}.Release|Any CPU.ActiveCfg = Release|Any CPU
		{76A8A2B7-DDEB-43FC-9FEB-9D81D192CAB4}.Release|Any CPU.Build.0 = Release|Any CPU
	EndGlobalSection
EndGlobal
